// !$*UTF8*$!
{
	archiveVersion = 1;
	classes = {
	};
	objectVersion = 51;
	objects = {

/* Begin PBXBuildFile section */
		004D6725284CD8C600A75512 /* LoginViewComtroller.swift in Sources */ = {isa = PBXBuildFile; fileRef = 004D6724284CD8C600A75512 /* LoginViewComtroller.swift */; };
		004D6727284CD8E700A75512 /* RegisterViewController.swift in Sources */ = {isa = PBXBuildFile; fileRef = 004D6726284CD8E700A75512 /* RegisterViewController.swift */; };
		004D6729284CD90000A75512 /* ChatViewController.swift in Sources */ = {isa = PBXBuildFile; fileRef = 004D6728284CD90000A75512 /* ChatViewController.swift */; };
		0082ECCE284A3AC5001CB955 /* AppDelegate.swift in Sources */ = {isa = PBXBuildFile; fileRef = 0082ECCD284A3AC5001CB955 /* AppDelegate.swift */; };
		0082ECD0284A3AC5001CB955 /* SceneDelegate.swift in Sources */ = {isa = PBXBuildFile; fileRef = 0082ECCF284A3AC5001CB955 /* SceneDelegate.swift */; };
		0082ECD2284A3AC5001CB955 /* ViewController.swift in Sources */ = {isa = PBXBuildFile; fileRef = 0082ECD1284A3AC5001CB955 /* ViewController.swift */; };
		0082ECD5284A3AC5001CB955 /* Main.storyboard in Resources */ = {isa = PBXBuildFile; fileRef = 0082ECD3284A3AC5001CB955 /* Main.storyboard */; };
		0082ECD7284A3AC6001CB955 /* Assets.xcassets in Resources */ = {isa = PBXBuildFile; fileRef = 0082ECD6284A3AC6001CB955 /* Assets.xcassets */; };
		0082ECDA284A3AC6001CB955 /* LaunchScreen.storyboard in Resources */ = {isa = PBXBuildFile; fileRef = 0082ECD8284A3AC6001CB955 /* LaunchScreen.storyboard */; };
		0087E12D285760E200414AE3 /* MessageCell.swift in Sources */ = {isa = PBXBuildFile; fileRef = 0087E12B285760E200414AE3 /* MessageCell.swift */; };
		0087E12E285760E200414AE3 /* MessageCell.xib in Resources */ = {isa = PBXBuildFile; fileRef = 0087E12C285760E200414AE3 /* MessageCell.xib */; };
		009B938D28551D33000E433B /* GoogleService-Info.plist in Resources */ = {isa = PBXBuildFile; fileRef = 009B938C28551D32000E433B /* GoogleService-Info.plist */; };
		00A4DF0728570B4300B1445C /* Message.swift in Sources */ = {isa = PBXBuildFile; fileRef = 00A4DF0628570B4300B1445C /* Message.swift */; };
		C6D86162758A981689214F54 /* Pods_ChatItUp.framework in Frameworks */ = {isa = PBXBuildFile; fileRef = 3EBAA599E6E26FE7EB6C20D3 /* Pods_ChatItUp.framework */; };
/* End PBXBuildFile section */

/* Begin PBXFileReference section */
		004D6724284CD8C600A75512 /* LoginViewComtroller.swift */ = {isa = PBXFileReference; lastKnownFileType = sourcecode.swift; path = LoginViewComtroller.swift; sourceTree = "<group>"; };
		004D6726284CD8E700A75512 /* RegisterViewController.swift */ = {isa = PBXFileReference; lastKnownFileType = sourcecode.swift; path = RegisterViewController.swift; sourceTree = "<group>"; };
		004D6728284CD90000A75512 /* ChatViewController.swift */ = {isa = PBXFileReference; lastKnownFileType = sourcecode.swift; path = ChatViewController.swift; sourceTree = "<group>"; };
		0082ECCA284A3AC5001CB955 /* ChatItUp.app */ = {isa = PBXFileReference; explicitFileType = wrapper.application; includeInIndex = 0; path = ChatItUp.app; sourceTree = BUILT_PRODUCTS_DIR; };
		0082ECCD284A3AC5001CB955 /* AppDelegate.swift */ = {isa = PBXFileReference; lastKnownFileType = sourcecode.swift; path = AppDelegate.swift; sourceTree = "<group>"; };
		0082ECCF284A3AC5001CB955 /* SceneDelegate.swift */ = {isa = PBXFileReference; lastKnownFileType = sourcecode.swift; path = SceneDelegate.swift; sourceTree = "<group>"; };
		0082ECD1284A3AC5001CB955 /* ViewController.swift */ = {isa = PBXFileReference; lastKnownFileType = sourcecode.swift; path = ViewController.swift; sourceTree = "<group>"; };
		0082ECD4284A3AC5001CB955 /* Base */ = {isa = PBXFileReference; lastKnownFileType = file.storyboard; name = Base; path = Base.lproj/Main.storyboard; sourceTree = "<group>"; };
		0082ECD6284A3AC6001CB955 /* Assets.xcassets */ = {isa = PBXFileReference; lastKnownFileType = folder.assetcatalog; path = Assets.xcassets; sourceTree = "<group>"; };
		0082ECD9284A3AC6001CB955 /* Base */ = {isa = PBXFileReference; lastKnownFileType = file.storyboard; name = Base; path = Base.lproj/LaunchScreen.storyboard; sourceTree = "<group>"; };
		0082ECDB284A3AC6001CB955 /* Info.plist */ = {isa = PBXFileReference; lastKnownFileType = text.plist.xml; path = Info.plist; sourceTree = "<group>"; };
		0087E12B285760E200414AE3 /* MessageCell.swift */ = {isa = PBXFileReference; lastKnownFileType = sourcecode.swift; path = MessageCell.swift; sourceTree = "<group>"; };
		0087E12C285760E200414AE3 /* MessageCell.xib */ = {isa = PBXFileReference; lastKnownFileType = file.xib; path = MessageCell.xib; sourceTree = "<group>"; };
		009B938C28551D32000E433B /* GoogleService-Info.plist */ = {isa = PBXFileReference; fileEncoding = 4; lastKnownFileType = text.plist.xml; path = "GoogleService-Info.plist"; sourceTree = "<group>"; };
		00A4DF0628570B4300B1445C /* Message.swift */ = {isa = PBXFileReference; lastKnownFileType = sourcecode.swift; path = Message.swift; sourceTree = "<group>"; };
		3EBAA599E6E26FE7EB6C20D3 /* Pods_ChatItUp.framework */ = {isa = PBXFileReference; explicitFileType = wrapper.framework; includeInIndex = 0; path = Pods_ChatItUp.framework; sourceTree = BUILT_PRODUCTS_DIR; };
		57BEE06DB51FEE1431B29232 /* Pods-ChatItUp.debug.xcconfig */ = {isa = PBXFileReference; includeInIndex = 1; lastKnownFileType = text.xcconfig; name = "Pods-ChatItUp.debug.xcconfig"; path = "Target Support Files/Pods-ChatItUp/Pods-ChatItUp.debug.xcconfig"; sourceTree = "<group>"; };
		6644A86929068D07DCEEEF6A /* Pods-ChatItUp.release.xcconfig */ = {isa = PBXFileReference; includeInIndex = 1; lastKnownFileType = text.xcconfig; name = "Pods-ChatItUp.release.xcconfig"; path = "Target Support Files/Pods-ChatItUp/Pods-ChatItUp.release.xcconfig"; sourceTree = "<group>"; };
/* End PBXFileReference section */

/* Begin PBXFrameworksBuildPhase section */
		0082ECC7284A3AC5001CB955 /* Frameworks */ = {
			isa = PBXFrameworksBuildPhase;
			buildActionMask = 2147483647;
			files = (
				C6D86162758A981689214F54 /* Pods_ChatItUp.framework in Frameworks */,
			);
			runOnlyForDeploymentPostprocessing = 0;
		};
/* End PBXFrameworksBuildPhase section */

/* Begin PBXGroup section */
		0082ECC1284A3AC5001CB955 = {
			isa = PBXGroup;
			children = (
				0082ECCC284A3AC5001CB955 /* ChatItUp */,
				0082ECCB284A3AC5001CB955 /* Products */,
				EDAEAC654789606A0DEDC3F8 /* Pods */,
				1D84267B0EA3ABC2324F68C1 /* Frameworks */,
			);
			sourceTree = "<group>";
		};
		0082ECCB284A3AC5001CB955 /* Products */ = {
			isa = PBXGroup;
			children = (
				0082ECCA284A3AC5001CB955 /* ChatItUp.app */,
			);
			name = Products;
			sourceTree = "<group>";
		};
		0082ECCC284A3AC5001CB955 /* ChatItUp */ = {
			isa = PBXGroup;
			children = (
				0082ECCD284A3AC5001CB955 /* AppDelegate.swift */,
				0082ECCF284A3AC5001CB955 /* SceneDelegate.swift */,
				00A4DF0828570B4C00B1445C /* Model */,
				0082ECE2284A3AED001CB955 /* Controller */,
				0082ECE1284A3AE1001CB955 /* View */,
				0082ECD6284A3AC6001CB955 /* Assets.xcassets */,
				0082ECD8284A3AC6001CB955 /* LaunchScreen.storyboard */,
				0082ECDB284A3AC6001CB955 /* Info.plist */,
				009B938C28551D32000E433B /* GoogleService-Info.plist */,
			);
			path = ChatItUp;
			sourceTree = "<group>";
		};
		0082ECE1284A3AE1001CB955 /* View */ = {
			isa = PBXGroup;
			children = (
				0082ECD3284A3AC5001CB955 /* Main.storyboard */,
				0087E12B285760E200414AE3 /* MessageCell.swift */,
				0087E12C285760E200414AE3 /* MessageCell.xib */,
			);
			path = View;
			sourceTree = "<group>";
		};
		0082ECE2284A3AED001CB955 /* Controller */ = {
			isa = PBXGroup;
			children = (
				0082ECD1284A3AC5001CB955 /* ViewController.swift */,
				004D6724284CD8C600A75512 /* LoginViewComtroller.swift */,
				004D6726284CD8E700A75512 /* RegisterViewController.swift */,
				004D6728284CD90000A75512 /* ChatViewController.swift */,
			);
			path = Controller;
			sourceTree = "<group>";
		};
		00A4DF0828570B4C00B1445C /* Model */ = {
			isa = PBXGroup;
			children = (
				00A4DF0628570B4300B1445C /* Message.swift */,
			);
			path = Model;
			sourceTree = "<group>";
		};
		1D84267B0EA3ABC2324F68C1 /* Frameworks */ = {
			isa = PBXGroup;
			children = (
				3EBAA599E6E26FE7EB6C20D3 /* Pods_ChatItUp.framework */,
			);
			name = Frameworks;
			sourceTree = "<group>";
		};
		EDAEAC654789606A0DEDC3F8 /* Pods */ = {
			isa = PBXGroup;
			children = (
				57BEE06DB51FEE1431B29232 /* Pods-ChatItUp.debug.xcconfig */,
				6644A86929068D07DCEEEF6A /* Pods-ChatItUp.release.xcconfig */,
			);
			path = Pods;
			sourceTree = "<group>";
		};
/* End PBXGroup section */

/* Begin PBXNativeTarget section */
		0082ECC9284A3AC5001CB955 /* ChatItUp */ = {
			isa = PBXNativeTarget;
			buildConfigurationList = 0082ECDE284A3AC6001CB955 /* Build configuration list for PBXNativeTarget "ChatItUp" */;
			buildPhases = (
				E7C336CAC17BC3D123B7869E /* [CP] Check Pods Manifest.lock */,
				0082ECC6284A3AC5001CB955 /* Sources */,
				0082ECC7284A3AC5001CB955 /* Frameworks */,
				0082ECC8284A3AC5001CB955 /* Resources */,
				FCC2929B091840FDA872BB9F /* [CP] Embed Pods Frameworks */,
			);
			buildRules = (
			);
			dependencies = (
			);
			name = ChatItUp;
			productName = ChatItUp;
			productReference = 0082ECCA284A3AC5001CB955 /* ChatItUp.app */;
			productType = "com.apple.product-type.application";
		};
/* End PBXNativeTarget section */

/* Begin PBXProject section */
		0082ECC2284A3AC5001CB955 /* Project object */ = {
			isa = PBXProject;
			attributes = {
				LastSwiftUpdateCheck = 1250;
				LastUpgradeCheck = 1250;
				TargetAttributes = {
					0082ECC9284A3AC5001CB955 = {
						CreatedOnToolsVersion = 12.5;
					};
				};
			};
			buildConfigurationList = 0082ECC5284A3AC5001CB955 /* Build configuration list for PBXProject "ChatItUp" */;
			compatibilityVersion = "Xcode 9.3";
			developmentRegion = en;
			hasScannedForEncodings = 0;
			knownRegions = (
				en,
				Base,
			);
			mainGroup = 0082ECC1284A3AC5001CB955;
			productRefGroup = 0082ECCB284A3AC5001CB955 /* Products */;
			projectDirPath = "";
			projectRoot = "";
			targets = (
				0082ECC9284A3AC5001CB955 /* ChatItUp */,
			);
		};
/* End PBXProject section */

/* Begin PBXResourcesBuildPhase section */
		0082ECC8284A3AC5001CB955 /* Resources */ = {
			isa = PBXResourcesBuildPhase;
			buildActionMask = 2147483647;
			files = (
				0087E12E285760E200414AE3 /* MessageCell.xib in Resources */,
				0082ECDA284A3AC6001CB955 /* LaunchScreen.storyboard in Resources */,
				009B938D28551D33000E433B /* GoogleService-Info.plist in Resources */,
				0082ECD7284A3AC6001CB955 /* Assets.xcassets in Resources */,
				0082ECD5284A3AC5001CB955 /* Main.storyboard in Resources */,
			);
			runOnlyForDeploymentPostprocessing = 0;
		};
/* End PBXResourcesBuildPhase section */

/* Begin PBXShellScriptBuildPhase section */
		E7C336CAC17BC3D123B7869E /* [CP] Check Pods Manifest.lock */ = {
			isa = PBXShellScriptBuildPhase;
			buildActionMask = 2147483647;
			files = (
			);
			inputFileListPaths = (
			);
			inputPaths = (
				"${PODS_PODFILE_DIR_PATH}/Podfile.lock",
				"${PODS_ROOT}/Manifest.lock",
			);
			name = "[CP] Check Pods Manifest.lock";
			outputFileListPaths = (
			);
			outputPaths = (
				"$(DERIVED_FILE_DIR)/Pods-ChatItUp-checkManifestLockResult.txt",
			);
			runOnlyForDeploymentPostprocessing = 0;
			shellPath = /bin/sh;
			shellScript = "diff \"${PODS_PODFILE_DIR_PATH}/Podfile.lock\" \"${PODS_ROOT}/Manifest.lock\" > /dev/null\nif [ $? != 0 ] ; then\n    # print error to STDERR\n    echo \"error: The sandbox is not in sync with the Podfile.lock. Run 'pod install' or update your CocoaPods installation.\" >&2\n    exit 1\nfi\n# This output is used by Xcode 'outputs' to avoid re-running this script phase.\necho \"SUCCESS\" > \"${SCRIPT_OUTPUT_FILE_0}\"\n";
			showEnvVarsInLog = 0;
		};
		FCC2929B091840FDA872BB9F /* [CP] Embed Pods Frameworks */ = {
			isa = PBXShellScriptBuildPhase;
			buildActionMask = 2147483647;
			files = (
			);
			inputFileListPaths = (
				"${PODS_ROOT}/Target Support Files/Pods-ChatItUp/Pods-ChatItUp-frameworks-${CONFIGURATION}-input-files.xcfilelist",
			);
			name = "[CP] Embed Pods Frameworks";
			outputFileListPaths = (
				"${PODS_ROOT}/Target Support Files/Pods-ChatItUp/Pods-ChatItUp-frameworks-${CONFIGURATION}-output-files.xcfilelist",
			);
			runOnlyForDeploymentPostprocessing = 0;
			shellPath = /bin/sh;
			shellScript = "\"${PODS_ROOT}/Target Support Files/Pods-ChatItUp/Pods-ChatItUp-frameworks.sh\"\n";
			showEnvVarsInLog = 0;
		};
/* End PBXShellScriptBuildPhase section */

/* Begin PBXSourcesBuildPhase section */
		0082ECC6284A3AC5001CB955 /* Sources */ = {
			isa = PBXSourcesBuildPhase;
			buildActionMask = 2147483647;
			files = (
				0082ECD2284A3AC5001CB955 /* ViewController.swift in Sources */,
				0087E12D285760E200414AE3 /* MessageCell.swift in Sources */,
				004D6727284CD8E700A75512 /* RegisterViewController.swift in Sources */,
				0082ECCE284A3AC5001CB955 /* AppDelegate.swift in Sources */,
				0082ECD0284A3AC5001CB955 /* SceneDelegate.swift in Sources */,
				004D6729284CD90000A75512 /* ChatViewController.swift in Sources */,
				004D6725284CD8C600A75512 /* LoginViewComtroller.swift in Sources */,
				00A4DF0728570B4300B1445C /* Message.swift in Sources */,
			);
			runOnlyForDeploymentPostprocessing = 0;
		};
/* End PBXSourcesBuildPhase section */

/* Begin PBXVariantGroup section */
		0082ECD3284A3AC5001CB955 /* Main.storyboard */ = {
			isa = PBXVariantGroup;
			children = (
				0082ECD4284A3AC5001CB955 /* Base */,
			);
			name = Main.storyboard;
			sourceTree = "<group>";
		};
		0082ECD8284A3AC6001CB955 /* LaunchScreen.storyboard */ = {
			isa = PBXVariantGroup;
			children = (
				0082ECD9284A3AC6001CB955 /* Base */,
			);
			name = LaunchScreen.storyboard;
			sourceTree = "<group>";
		};
/* End PBXVariantGroup section */

/* Begin XCBuildConfiguration section */
		0082ECDC284A3AC6001CB955 /* Debug */ = {
			isa = XCBuildConfiguration;
			buildSettings = {
				ALWAYS_SEARCH_USER_PATHS = NO;
				CLANG_ANALYZER_NONNULL = YES;
				CLANG_ANALYZER_NUMBER_OBJECT_CONVERSION = YES_AGGRESSIVE;
				CLANG_CXX_LANGUAGE_STANDARD = "gnu++14";
				CLANG_CXX_LIBRARY = "libc++";
				CLANG_ENABLE_MODULES = YES;
				CLANG_ENABLE_OBJC_ARC = YES;
				CLANG_ENABLE_OBJC_WEAK = YES;
				CLANG_WARN_BLOCK_CAPTURE_AUTORELEASING = YES;
				CLANG_WARN_BOOL_CONVERSION = YES;
				CLANG_WARN_COMMA = YES;
				CLANG_WARN_CONSTANT_CONVERSION = YES;
				CLANG_WARN_DEPRECATED_OBJC_IMPLEMENTATIONS = YES;
				CLANG_WARN_DIRECT_OBJC_ISA_USAGE = YES_ERROR;
				CLANG_WARN_DOCUMENTATION_COMMENTS = YES;
				CLANG_WARN_EMPTY_BODY = YES;
				CLANG_WARN_ENUM_CONVERSION = YES;
				CLANG_WARN_INFINITE_RECURSION = YES;
				CLANG_WARN_INT_CONVERSION = YES;
				CLANG_WARN_NON_LITERAL_NULL_CONVERSION = YES;
				CLANG_WARN_OBJC_IMPLICIT_RETAIN_SELF = YES;
				CLANG_WARN_OBJC_LITERAL_CONVERSION = YES;
				CLANG_WARN_OBJC_ROOT_CLASS = YES_ERROR;
				CLANG_WARN_QUOTED_INCLUDE_IN_FRAMEWORK_HEADER = YES;
				CLANG_WARN_RANGE_LOOP_ANALYSIS = YES;
				CLANG_WARN_STRICT_PROTOTYPES = YES;
				CLANG_WARN_SUSPICIOUS_MOVE = YES;
				CLANG_WARN_UNGUARDED_AVAILABILITY = YES_AGGRESSIVE;
				CLANG_WARN_UNREACHABLE_CODE = YES;
				CLANG_WARN__DUPLICATE_METHOD_MATCH = YES;
				COPY_PHASE_STRIP = NO;
				DEBUG_INFORMATION_FORMAT = dwarf;
				ENABLE_STRICT_OBJC_MSGSEND = YES;
				ENABLE_TESTABILITY = YES;
				GCC_C_LANGUAGE_STANDARD = gnu11;
				GCC_DYNAMIC_NO_PIC = NO;
				GCC_NO_COMMON_BLOCKS = YES;
				GCC_OPTIMIZATION_LEVEL = 0;
				GCC_PREPROCESSOR_DEFINITIONS = (
					"DEBUG=1",
					"$(inherited)",
				);
				GCC_WARN_64_TO_32_BIT_CONVERSION = YES;
				GCC_WARN_ABOUT_RETURN_TYPE = YES_ERROR;
				GCC_WARN_UNDECLARED_SELECTOR = YES;
				GCC_WARN_UNINITIALIZED_AUTOS = YES_AGGRESSIVE;
				GCC_WARN_UNUSED_FUNCTION = YES;
				GCC_WARN_UNUSED_VARIABLE = YES;
				IPHONEOS_DEPLOYMENT_TARGET = 14.5;
				MTL_ENABLE_DEBUG_INFO = INCLUDE_SOURCE;
				MTL_FAST_MATH = YES;
				ONLY_ACTIVE_ARCH = YES;
				SDKROOT = iphoneos;
				SWIFT_ACTIVE_COMPILATION_CONDITIONS = DEBUG;
				SWIFT_OPTIMIZATION_LEVEL = "-Onone";
			};
			name = Debug;
		};
		0082ECDD284A3AC6001CB955 /* Release */ = {
			isa = XCBuildConfiguration;
			buildSettings = {
				ALWAYS_SEARCH_USER_PATHS = NO;
				CLANG_ANALYZER_NONNULL = YES;
				CLANG_ANALYZER_NUMBER_OBJECT_CONVERSION = YES_AGGRESSIVE;
				CLANG_CXX_LANGUAGE_STANDARD = "gnu++14";
				CLANG_CXX_LIBRARY = "libc++";
				CLANG_ENABLE_MODULES = YES;
				CLANG_ENABLE_OBJC_ARC = YES;
				CLANG_ENABLE_OBJC_WEAK = YES;
				CLANG_WARN_BLOCK_CAPTURE_AUTORELEASING = YES;
				CLANG_WARN_BOOL_CONVERSION = YES;
				CLANG_WARN_COMMA = YES;
				CLANG_WARN_CONSTANT_CONVERSION = YES;
				CLANG_WARN_DEPRECATED_OBJC_IMPLEMENTATIONS = YES;
				CLANG_WARN_DIRECT_OBJC_ISA_USAGE = YES_ERROR;
				CLANG_WARN_DOCUMENTATION_COMMENTS = YES;
				CLANG_WARN_EMPTY_BODY = YES;
				CLANG_WARN_ENUM_CONVERSION = YES;
				CLANG_WARN_INFINITE_RECURSION = YES;
				CLANG_WARN_INT_CONVERSION = YES;
				CLANG_WARN_NON_LITERAL_NULL_CONVERSION = YES;
				CLANG_WARN_OBJC_IMPLICIT_RETAIN_SELF = YES;
				CLANG_WARN_OBJC_LITERAL_CONVERSION = YES;
				CLANG_WARN_OBJC_ROOT_CLASS = YES_ERROR;
				CLANG_WARN_QUOTED_INCLUDE_IN_FRAMEWORK_HEADER = YES;
				CLANG_WARN_RANGE_LOOP_ANALYSIS = YES;
				CLANG_WARN_STRICT_PROTOTYPES = YES;
				CLANG_WARN_SUSPICIOUS_MOVE = YES;
				CLANG_WARN_UNGUARDED_AVAILABILITY = YES_AGGRESSIVE;
				CLANG_WARN_UNREACHABLE_CODE = YES;
				CLANG_WARN__DUPLICATE_METHOD_MATCH = YES;
				COPY_PHASE_STRIP = NO;
				DEBUG_INFORMATION_FORMAT = "dwarf-with-dsym";
				ENABLE_NS_ASSERTIONS = NO;
				ENABLE_STRICT_OBJC_MSGSEND = YES;
				GCC_C_LANGUAGE_STANDARD = gnu11;
				GCC_NO_COMMON_BLOCKS = YES;
				GCC_WARN_64_TO_32_BIT_CONVERSION = YES;
				GCC_WARN_ABOUT_RETURN_TYPE = YES_ERROR;
				GCC_WARN_UNDECLARED_SELECTOR = YES;
				GCC_WARN_UNINITIALIZED_AUTOS = YES_AGGRESSIVE;
				GCC_WARN_UNUSED_FUNCTION = YES;
				GCC_WARN_UNUSED_VARIABLE = YES;
				IPHONEOS_DEPLOYMENT_TARGET = 14.5;
				MTL_ENABLE_DEBUG_INFO = NO;
				MTL_FAST_MATH = YES;
				SDKROOT = iphoneos;
				SWIFT_COMPILATION_MODE = wholemodule;
				SWIFT_OPTIMIZATION_LEVEL = "-O";
				VALIDATE_PRODUCT = YES;
			};
			name = Release;
		};
		0082ECDF284A3AC6001CB955 /* Debug */ = {
			isa = XCBuildConfiguration;
			baseConfigurationReference = 57BEE06DB51FEE1431B29232 /* Pods-ChatItUp.debug.xcconfig */;
			buildSettings = {
				ASSETCATALOG_COMPILER_APPICON_NAME = AppIcon;
				ASSETCATALOG_COMPILER_GLOBAL_ACCENT_COLOR_NAME = AccentColor;
				CODE_SIGN_STYLE = Automatic;
				DEVELOPMENT_TEAM = Y3R43BJV8Y;
				INFOPLIST_FILE = ChatItUp/Info.plist;
				LD_RUNPATH_SEARCH_PATHS = (
					"$(inherited)",
					"@executable_path/Frameworks",
				);
				PRODUCT_BUNDLE_IDENTIFIER = com.deepakyadav.ChatItUp;
				PRODUCT_NAME = "$(TARGET_NAME)";
				SWIFT_VERSION = 5.0;
				TARGETED_DEVICE_FAMILY = 1;
			};
			name = Debug;
		};
		0082ECE0284A3AC6001CB955 /* Release */ = {
			isa = XCBuildConfiguration;
			baseConfigurationReference = 6644A86929068D07DCEEEF6A /* Pods-ChatItUp.release.xcconfig */;
			buildSettings = {
				ASSETCATALOG_COMPILER_APPICON_NAME = AppIcon;
				ASSETCATALOG_COMPILER_GLOBAL_ACCENT_COLOR_NAME = AccentColor;
				CODE_SIGN_STYLE = Automatic;
				DEVELOPMENT_TEAM = Y3R43BJV8Y;
				INFOPLIST_FILE = ChatItUp/Info.plist;
				LD_RUNPATH_SEARCH_PATHS = (
					"$(inherited)",
					"@executable_path/Frameworks",
				);
				PRODUCT_BUNDLE_IDENTIFIER = com.deepakyadav.ChatItUp;
				PRODUCT_NAME = "$(TARGET_NAME)";
				SWIFT_VERSION = 5.0;
				TARGETED_DEVICE_FAMILY = 1;
			};
			name = Release;
		};
/* End XCBuildConfiguration section */

/* Begin XCConfigurationList section */
		0082ECC5284A3AC5001CB955 /* Build configuration list for PBXProject "ChatItUp" */ = {
			isa = XCConfigurationList;
			buildConfigurations = (
				0082ECDC284A3AC6001CB955 /* Debug */,
				0082ECDD284A3AC6001CB955 /* Release */,
			);
			defaultConfigurationIsVisible = 0;
			defaultConfigurationName = Release;
		};
		0082ECDE284A3AC6001CB955 /* Build configuration list for PBXNativeTarget "ChatItUp" */ = {
			isa = XCConfigurationList;
			buildConfigurations = (
				0082ECDF284A3AC6001CB955 /* Debug */,
				0082ECE0284A3AC6001CB955 /* Release */,
			);
			defaultConfigurationIsVisible = 0;
			defaultConfigurationName = Release;
		};
/* End XCConfigurationList section */
	};
	rootObject = 0082ECC2284A3AC5001CB955 /* Project object */;
}
